<Solution>
  <Folder Name="/Solution Items/">
    <File Path=".gitignore" />
  </Folder>
  <Project Path="DoctorHub.Application/DoctorsHub.Application.csproj" />
  <Project Path="DoctorsHub.Domain/DoctorsHub.Domain.csproj" />
  <Project Path="DoctorsHub.Infrastructure/DoctorsHub.Infrastructure.csproj" />
  <Project Path="DoctorsHub/DoctorsHub.Web.csproj" />
</Solution>
